
Microsoft Visual Studio Solution File, Format Version 12.00
# Visual Studio 15
VisualStudioVersion = 15.0.26124.0
MinimumVisualStudioVersion = 15.0.26124.0
Project("{FAE04EC0-301F-11D3-BF4B-00C04F79EFBC}") = "Text", "Text\Text.csproj", "{3C0626A8-19CA-4977-AE8B-76F023981C30}"
EndProject
Project("{FAE04EC0-301F-11D3-BF4B-00C04F79EFBC}") = "Text.Tests", "Text.Tests\Text.Tests.csproj", "{C4BD5063-DD2C-4AD0-8E74-2647A5E07F2B}"
EndProject
Global
	GlobalSection(SolutionConfigurationPlatforms) = preSolution
		Debug|Any CPU = Debug|Any CPU
		Debug|x64 = Debug|x64
		Debug|x86 = Debug|x86
		Release|Any CPU = Release|Any CPU
		Release|x64 = Release|x64
		Release|x86 = Release|x86
	EndGlobalSection
	GlobalSection(SolutionProperties) = preSolution
		HideSolutionNode = FALSE
	EndGlobalSection
	GlobalSection(ProjectConfigurationPlatforms) = postSolution
		{3C0626A8-19CA-4977-AE8B-76F023981C30}.Debug|Any CPU.ActiveCfg = Debug|Any CPU
		{3C0626A8-19CA-4977-AE8B-76F023981C30}.Debug|Any CPU.Build.0 = Debug|Any CPU
		{3C0626A8-19CA-4977-AE8B-76F023981C30}.Debug|x64.ActiveCfg = Debug|Any CPU
		{3C0626A8-19CA-4977-AE8B-76F023981C30}.Debug|x64.Build.0 = Debug|Any CPU
		{3C0626A8-19CA-4977-AE8B-76F023981C30}.Debug|x86.ActiveCfg = Debug|Any CPU
		{3C0626A8-19CA-4977-AE8B-76F023981C30}.Debug|x86.Build.0 = Debug|Any CPU
		{3C0626A8-19CA-4977-AE8B-76F023981C30}.Release|Any CPU.ActiveCfg = Release|Any CPU
		{3C0626A8-19CA-4977-AE8B-76F023981C30}.Release|Any CPU.Build.0 = Release|Any CPU
		{3C0626A8-19CA-4977-AE8B-76F023981C30}.Release|x64.ActiveCfg = Release|Any CPU
		{3C0626A8-19CA-4977-AE8B-76F023981C30}.Release|x64.Build.0 = Release|Any CPU
		{3C0626A8-19CA-4977-AE8B-76F023981C30}.Release|x86.ActiveCfg = Release|Any CPU
		{3C0626A8-19CA-4977-AE8B-76F023981C30}.Release|x86.Build.0 = Release|Any CPU
		{C4BD5063-DD2C-4AD0-8E74-2647A5E07F2B}.Debug|Any CPU.ActiveCfg = Debug|Any CPU
		{C4BD5063-DD2C-4AD0-8E74-2647A5E07F2B}.Debug|Any CPU.Build.0 = Debug|Any CPU
		{C4BD5063-DD2C-4AD0-8E74-2647A5E07F2B}.Debug|x64.ActiveCfg = Debug|Any CPU
		{C4BD5063-DD2C-4AD0-8E74-2647A5E07F2B}.Debug|x64.Build.0 = Debug|Any CPU
		{C4BD5063-DD2C-4AD0-8E74-2647A5E07F2B}.Debug|x86.ActiveCfg = Debug|Any CPU
		{C4BD5063-DD2C-4AD0-8E74-2647A5E07F2B}.Debug|x86.Build.0 = Debug|Any CPU
		{C4BD5063-DD2C-4AD0-8E74-2647A5E07F2B}.Release|Any CPU.ActiveCfg = Release|Any CPU
		{C4BD5063-DD2C-4AD0-8E74-2647A5E07F2B}.Release|Any CPU.Build.0 = Release|Any CPU
		{C4BD5063-DD2C-4AD0-8E74-2647A5E07F2B}.Release|x64.ActiveCfg = Release|Any CPU
		{C4BD5063-DD2C-4AD0-8E74-2647A5E07F2B}.Release|x64.Build.0 = Release|Any CPU
		{C4BD5063-DD2C-4AD0-8E74-2647A5E07F2B}.Release|x86.ActiveCfg = Release|Any CPU
		{C4BD5063-DD2C-4AD0-8E74-2647A5E07F2B}.Release|x86.Build.0 = Release|Any CPU
	EndGlobalSection
EndGlobal
